// !$*UTF8*$!
{
	archiveVersion = 1;
	classes = {
	};
	objectVersion = 56;
	objects = {

/* Begin PBXBuildFile section */
		63624ED2296BC47E002DB470 /* ClientInfoModel.swift in Sources */ = {isa = PBXBuildFile; fileRef = 63624ED1296BC47E002DB470 /* ClientInfoModel.swift */; };
		63624ED4296BC4E5002DB470 /* TitleModel.swift in Sources */ = {isa = PBXBuildFile; fileRef = 63624ED3296BC4E5002DB470 /* TitleModel.swift */; };
		63624ED6296BC57B002DB470 /* ClientTableViewCell.swift in Sources */ = {isa = PBXBuildFile; fileRef = 63624ED5296BC57B002DB470 /* ClientTableViewCell.swift */; };
		63624ED9296BC7D1002DB470 /* TitleModelMapper.swift in Sources */ = {isa = PBXBuildFile; fileRef = 63624ED8296BC7D1002DB470 /* TitleModelMapper.swift */; };
		6364F04929685D3900691690 /* AppDelegate.swift in Sources */ = {isa = PBXBuildFile; fileRef = 6364F04829685D3900691690 /* AppDelegate.swift */; };
		6364F04B29685D3900691690 /* SceneDelegate.swift in Sources */ = {isa = PBXBuildFile; fileRef = 6364F04A29685D3900691690 /* SceneDelegate.swift */; };
		6364F04D29685D3900691690 /* ViewController.swift in Sources */ = {isa = PBXBuildFile; fileRef = 6364F04C29685D3900691690 /* ViewController.swift */; };
		6364F05029685D3900691690 /* Main.storyboard in Resources */ = {isa = PBXBuildFile; fileRef = 6364F04E29685D3900691690 /* Main.storyboard */; };
		6364F05229685D3B00691690 /* Assets.xcassets in Resources */ = {isa = PBXBuildFile; fileRef = 6364F05129685D3B00691690 /* Assets.xcassets */; };
		6364F05529685D3B00691690 /* LaunchScreen.storyboard in Resources */ = {isa = PBXBuildFile; fileRef = 6364F05329685D3B00691690 /* LaunchScreen.storyboard */; };
		6364F05E29685DE700691690 /* SnapKit in Frameworks */ = {isa = PBXBuildFile; productRef = 6364F05D29685DE700691690 /* SnapKit */; };
/* End PBXBuildFile section */

/* Begin PBXFileReference section */
		63624ED1296BC47E002DB470 /* ClientInfoModel.swift */ = {isa = PBXFileReference; lastKnownFileType = sourcecode.swift; path = ClientInfoModel.swift; sourceTree = "<group>"; };
		63624ED3296BC4E5002DB470 /* TitleModel.swift */ = {isa = PBXFileReference; lastKnownFileType = sourcecode.swift; path = TitleModel.swift; sourceTree = "<group>"; };
		63624ED5296BC57B002DB470 /* ClientTableViewCell.swift */ = {isa = PBXFileReference; lastKnownFileType = sourcecode.swift; path = ClientTableViewCell.swift; sourceTree = "<group>"; };
		63624ED8296BC7D1002DB470 /* TitleModelMapper.swift */ = {isa = PBXFileReference; lastKnownFileType = sourcecode.swift; path = TitleModelMapper.swift; sourceTree = "<group>"; };
		6364F04529685D3900691690 /* project.app */ = {isa = PBXFileReference; explicitFileType = wrapper.application; includeInIndex = 0; path = project.app; sourceTree = BUILT_PRODUCTS_DIR; };
		6364F04829685D3900691690 /* AppDelegate.swift */ = {isa = PBXFileReference; lastKnownFileType = sourcecode.swift; path = AppDelegate.swift; sourceTree = "<group>"; };
		6364F04A29685D3900691690 /* SceneDelegate.swift */ = {isa = PBXFileReference; lastKnownFileType = sourcecode.swift; path = SceneDelegate.swift; sourceTree = "<group>"; };
		6364F04C29685D3900691690 /* ViewController.swift */ = {isa = PBXFileReference; lastKnownFileType = sourcecode.swift; path = ViewController.swift; sourceTree = "<group>"; };
		6364F04F29685D3900691690 /* Base */ = {isa = PBXFileReference; lastKnownFileType = file.storyboard; name = Base; path = Base.lproj/Main.storyboard; sourceTree = "<group>"; };
		6364F05129685D3B00691690 /* Assets.xcassets */ = {isa = PBXFileReference; lastKnownFileType = folder.assetcatalog; path = Assets.xcassets; sourceTree = "<group>"; };
		6364F05429685D3B00691690 /* Base */ = {isa = PBXFileReference; lastKnownFileType = file.storyboard; name = Base; path = Base.lproj/LaunchScreen.storyboard; sourceTree = "<group>"; };
		6364F05629685D3B00691690 /* Info.plist */ = {isa = PBXFileReference; lastKnownFileType = text.plist.xml; path = Info.plist; sourceTree = "<group>"; };
/* End PBXFileReference section */

/* Begin PBXFrameworksBuildPhase section */
		6364F04229685D3900691690 /* Frameworks */ = {
			isa = PBXFrameworksBuildPhase;
			buildActionMask = 2147483647;
			files = (
				6364F05E29685DE700691690 /* SnapKit in Frameworks */,
			);
			runOnlyForDeploymentPostprocessing = 0;
		};
/* End PBXFrameworksBuildPhase section */

/* Begin PBXGroup section */
		63624ECB296BC374002DB470 /* AppLayer */ = {
			isa = PBXGroup;
			children = (
				6364F04829685D3900691690 /* AppDelegate.swift */,
				6364F04A29685D3900691690 /* SceneDelegate.swift */,
			);
			path = AppLayer;
			sourceTree = "<group>";
		};
		63624ECC296BC383002DB470 /* Resources */ = {
			isa = PBXGroup;
			children = (
				6364F05129685D3B00691690 /* Assets.xcassets */,
				6364F05329685D3B00691690 /* LaunchScreen.storyboard */,
				6364F05629685D3B00691690 /* Info.plist */,
			);
			path = Resources;
			sourceTree = "<group>";
		};
		63624ECD296BC415002DB470 /* Scenes */ = {
			isa = PBXGroup;
			children = (
				6364F04C29685D3900691690 /* ViewController.swift */,
				6364F04E29685D3900691690 /* Main.storyboard */,
			);
			path = Scenes;
			sourceTree = "<group>";
		};
		63624ECE296BC430002DB470 /* PresentationLayer */ = {
			isa = PBXGroup;
			children = (
				63624ECF296BC442002DB470 /* Components */,
				63624ED7296BC7A7002DB470 /* Extensions */,
				63624ECD296BC415002DB470 /* Scenes */,
			);
			path = PresentationLayer;
			sourceTree = "<group>";
		};
		63624ECF296BC442002DB470 /* Components */ = {
			isa = PBXGroup;
			children = (
				63624ED5296BC57B002DB470 /* ClientTableViewCell.swift */,
			);
			path = Components;
			sourceTree = "<group>";
		};
		63624ED0296BC45C002DB470 /* DataLayer */ = {
			isa = PBXGroup;
			children = (
				63624ED1296BC47E002DB470 /* ClientInfoModel.swift */,
				63624ED3296BC4E5002DB470 /* TitleModel.swift */,
			);
			path = DataLayer;
			sourceTree = "<group>";
		};
		63624ED7296BC7A7002DB470 /* Extensions */ = {
			isa = PBXGroup;
			children = (
				63624ED8296BC7D1002DB470 /* TitleModelMapper.swift */,
			);
			path = Extensions;
			sourceTree = "<group>";
		};
		6364F03C29685D3900691690 = {
			isa = PBXGroup;
			children = (
				6364F04729685D3900691690 /* project */,
				6364F04629685D3900691690 /* Products */,
			);
			sourceTree = "<group>";
		};
		6364F04629685D3900691690 /* Products */ = {
			isa = PBXGroup;
			children = (
				6364F04529685D3900691690 /* project.app */,
			);
			name = Products;
			sourceTree = "<group>";
		};
		6364F04729685D3900691690 /* project */ = {
			isa = PBXGroup;
			children = (
				63624ED0296BC45C002DB470 /* DataLayer */,
				63624ECB296BC374002DB470 /* AppLayer */,
				63624ECE296BC430002DB470 /* PresentationLayer */,
				63624ECC296BC383002DB470 /* Resources */,
			);
			path = project;
			sourceTree = "<group>";
		};
/* End PBXGroup section */

/* Begin PBXNativeTarget section */
		6364F04429685D3900691690 /* project */ = {
			isa = PBXNativeTarget;
			buildConfigurationList = 6364F05929685D3B00691690 /* Build configuration list for PBXNativeTarget "project" */;
			buildPhases = (
				6364F04129685D3900691690 /* Sources */,
				6364F04229685D3900691690 /* Frameworks */,
				6364F04329685D3900691690 /* Resources */,
			);
			buildRules = (
			);
			dependencies = (
			);
			name = project;
			packageProductDependencies = (
				6364F05D29685DE700691690 /* SnapKit */,
			);
			productName = project;
			productReference = 6364F04529685D3900691690 /* project.app */;
			productType = "com.apple.product-type.application";
		};
/* End PBXNativeTarget section */

/* Begin PBXProject section */
		6364F03D29685D3900691690 /* Project object */ = {
			isa = PBXProject;
			attributes = {
				BuildIndependentTargetsInParallel = 1;
				LastSwiftUpdateCheck = 1420;
				LastUpgradeCheck = 1420;
				TargetAttributes = {
					6364F04429685D3900691690 = {
						CreatedOnToolsVersion = 14.2;
					};
				};
			};
			buildConfigurationList = 6364F04029685D3900691690 /* Build configuration list for PBXProject "project" */;
			compatibilityVersion = "Xcode 14.0";
			developmentRegion = en;
			hasScannedForEncodings = 0;
			knownRegions = (
				en,
				Base,
			);
			mainGroup = 6364F03C29685D3900691690;
			packageReferences = (
				6364F05C29685DE700691690 /* XCRemoteSwiftPackageReference "SnapKit" */,
			);
			productRefGroup = 6364F04629685D3900691690 /* Products */;
			projectDirPath = "";
			projectRoot = "";
			targets = (
				6364F04429685D3900691690 /* project */,
			);
		};
/* End PBXProject section */

/* Begin PBXResourcesBuildPhase section */
		6364F04329685D3900691690 /* Resources */ = {
			isa = PBXResourcesBuildPhase;
			buildActionMask = 2147483647;
			files = (
				6364F05529685D3B00691690 /* LaunchScreen.storyboard in Resources */,
				6364F05229685D3B00691690 /* Assets.xcassets in Resources */,
				6364F05029685D3900691690 /* Main.storyboard in Resources */,
			);
			runOnlyForDeploymentPostprocessing = 0;
		};
/* End PBXResourcesBuildPhase section */

/* Begin PBXSourcesBuildPhase section */
		6364F04129685D3900691690 /* Sources */ = {
			isa = PBXSourcesBuildPhase;
			buildActionMask = 2147483647;
			files = (
				63624ED4296BC4E5002DB470 /* TitleModel.swift in Sources */,
				63624ED2296BC47E002DB470 /* ClientInfoModel.swift in Sources */,
				63624ED6296BC57B002DB470 /* ClientTableViewCell.swift in Sources */,
				6364F04D29685D3900691690 /* ViewController.swift in Sources */,
				6364F04929685D3900691690 /* AppDelegate.swift in Sources */,
				63624ED9296BC7D1002DB470 /* TitleModelMapper.swift in Sources */,
				6364F04B29685D3900691690 /* SceneDelegate.swift in Sources */,
			);
			runOnlyForDeploymentPostprocessing = 0;
		};
/* End PBXSourcesBuildPhase section */

/* Begin PBXVariantGroup section */
		6364F04E29685D3900691690 /* Main.storyboard */ = {
			isa = PBXVariantGroup;
			children = (
				6364F04F29685D3900691690 /* Base */,
			);
			name = Main.storyboard;
			sourceTree = "<group>";
		};
		6364F05329685D3B00691690 /* LaunchScreen.storyboard */ = {
			isa = PBXVariantGroup;
			children = (
				6364F05429685D3B00691690 /* Base */,
			);
			name = LaunchScreen.storyboard;
			sourceTree = "<group>";
		};
/* End PBXVariantGroup section */

/* Begin XCBuildConfiguration section */
		6364F05729685D3B00691690 /* Debug */ = {
			isa = XCBuildConfiguration;
			buildSettings = {
				ALWAYS_SEARCH_USER_PATHS = NO;
				CLANG_ANALYZER_NONNULL = YES;
				CLANG_ANALYZER_NUMBER_OBJECT_CONVERSION = YES_AGGRESSIVE;
				CLANG_CXX_LANGUAGE_STANDARD = "gnu++20";
				CLANG_ENABLE_MODULES = YES;
				CLANG_ENABLE_OBJC_ARC = YES;
				CLANG_ENABLE_OBJC_WEAK = YES;
				CLANG_WARN_BLOCK_CAPTURE_AUTORELEASING = YES;
				CLANG_WARN_BOOL_CONVERSION = YES;
				CLANG_WARN_COMMA = YES;
				CLANG_WARN_CONSTANT_CONVERSION = YES;
				CLANG_WARN_DEPRECATED_OBJC_IMPLEMENTATIONS = YES;
				CLANG_WARN_DIRECT_OBJC_ISA_USAGE = YES_ERROR;
				CLANG_WARN_DOCUMENTATION_COMMENTS = YES;
				CLANG_WARN_EMPTY_BODY = YES;
				CLANG_WARN_ENUM_CONVERSION = YES;
				CLANG_WARN_INFINITE_RECURSION = YES;
				CLANG_WARN_INT_CONVERSION = YES;
				CLANG_WARN_NON_LITERAL_NULL_CONVERSION = YES;
				CLANG_WARN_OBJC_IMPLICIT_RETAIN_SELF = YES;
				CLANG_WARN_OBJC_LITERAL_CONVERSION = YES;
				CLANG_WARN_OBJC_ROOT_CLASS = YES_ERROR;
				CLANG_WARN_QUOTED_INCLUDE_IN_FRAMEWORK_HEADER = YES;
				CLANG_WARN_RANGE_LOOP_ANALYSIS = YES;
				CLANG_WARN_STRICT_PROTOTYPES = YES;
				CLANG_WARN_SUSPICIOUS_MOVE = YES;
				CLANG_WARN_UNGUARDED_AVAILABILITY = YES_AGGRESSIVE;
				CLANG_WARN_UNREACHABLE_CODE = YES;
				CLANG_WARN__DUPLICATE_METHOD_MATCH = YES;
				COPY_PHASE_STRIP = NO;
				DEBUG_INFORMATION_FORMAT = dwarf;
				ENABLE_STRICT_OBJC_MSGSEND = YES;
				ENABLE_TESTABILITY = YES;
				GCC_C_LANGUAGE_STANDARD = gnu11;
				GCC_DYNAMIC_NO_PIC = NO;
				GCC_NO_COMMON_BLOCKS = YES;
				GCC_OPTIMIZATION_LEVEL = 0;
				GCC_PREPROCESSOR_DEFINITIONS = (
					"DEBUG=1",
					"$(inherited)",
				);
				GCC_WARN_64_TO_32_BIT_CONVERSION = YES;
				GCC_WARN_ABOUT_RETURN_TYPE = YES_ERROR;
				GCC_WARN_UNDECLARED_SELECTOR = YES;
				GCC_WARN_UNINITIALIZED_AUTOS = YES_AGGRESSIVE;
				GCC_WARN_UNUSED_FUNCTION = YES;
				GCC_WARN_UNUSED_VARIABLE = YES;
				IPHONEOS_DEPLOYMENT_TARGET = 16.2;
				MTL_ENABLE_DEBUG_INFO = INCLUDE_SOURCE;
				MTL_FAST_MATH = YES;
				ONLY_ACTIVE_ARCH = YES;
				SDKROOT = iphoneos;
				SWIFT_ACTIVE_COMPILATION_CONDITIONS = DEBUG;
				SWIFT_OPTIMIZATION_LEVEL = "-Onone";
			};
			name = Debug;
		};
		6364F05829685D3B00691690 /* Release */ = {
			isa = XCBuildConfiguration;
			buildSettings = {
				ALWAYS_SEARCH_USER_PATHS = NO;
				CLANG_ANALYZER_NONNULL = YES;
				CLANG_ANALYZER_NUMBER_OBJECT_CONVERSION = YES_AGGRESSIVE;
				CLANG_CXX_LANGUAGE_STANDARD = "gnu++20";
				CLANG_ENABLE_MODULES = YES;
				CLANG_ENABLE_OBJC_ARC = YES;
				CLANG_ENABLE_OBJC_WEAK = YES;
				CLANG_WARN_BLOCK_CAPTURE_AUTORELEASING = YES;
				CLANG_WARN_BOOL_CONVERSION = YES;
				CLANG_WARN_COMMA = YES;
				CLANG_WARN_CONSTANT_CONVERSION = YES;
				CLANG_WARN_DEPRECATED_OBJC_IMPLEMENTATIONS = YES;
				CLANG_WARN_DIRECT_OBJC_ISA_USAGE = YES_ERROR;
				CLANG_WARN_DOCUMENTATION_COMMENTS = YES;
				CLANG_WARN_EMPTY_BODY = YES;
				CLANG_WARN_ENUM_CONVERSION = YES;
				CLANG_WARN_INFINITE_RECURSION = YES;
				CLANG_WARN_INT_CONVERSION = YES;
				CLANG_WARN_NON_LITERAL_NULL_CONVERSION = YES;
				CLANG_WARN_OBJC_IMPLICIT_RETAIN_SELF = YES;
				CLANG_WARN_OBJC_LITERAL_CONVERSION = YES;
				CLANG_WARN_OBJC_ROOT_CLASS = YES_ERROR;
				CLANG_WARN_QUOTED_INCLUDE_IN_FRAMEWORK_HEADER = YES;
				CLANG_WARN_RANGE_LOOP_ANALYSIS = YES;
				CLANG_WARN_STRICT_PROTOTYPES = YES;
				CLANG_WARN_SUSPICIOUS_MOVE = YES;
				CLANG_WARN_UNGUARDED_AVAILABILITY = YES_AGGRESSIVE;
				CLANG_WARN_UNREACHABLE_CODE = YES;
				CLANG_WARN__DUPLICATE_METHOD_MATCH = YES;
				COPY_PHASE_STRIP = NO;
				DEBUG_INFORMATION_FORMAT = "dwarf-with-dsym";
				ENABLE_NS_ASSERTIONS = NO;
				ENABLE_STRICT_OBJC_MSGSEND = YES;
				GCC_C_LANGUAGE_STANDARD = gnu11;
				GCC_NO_COMMON_BLOCKS = YES;
				GCC_WARN_64_TO_32_BIT_CONVERSION = YES;
				GCC_WARN_ABOUT_RETURN_TYPE = YES_ERROR;
				GCC_WARN_UNDECLARED_SELECTOR = YES;
				GCC_WARN_UNINITIALIZED_AUTOS = YES_AGGRESSIVE;
				GCC_WARN_UNUSED_FUNCTION = YES;
				GCC_WARN_UNUSED_VARIABLE = YES;
				IPHONEOS_DEPLOYMENT_TARGET = 16.2;
				MTL_ENABLE_DEBUG_INFO = NO;
				MTL_FAST_MATH = YES;
				SDKROOT = iphoneos;
				SWIFT_COMPILATION_MODE = wholemodule;
				SWIFT_OPTIMIZATION_LEVEL = "-O";
				VALIDATE_PRODUCT = YES;
			};
			name = Release;
		};
		6364F05A29685D3B00691690 /* Debug */ = {
			isa = XCBuildConfiguration;
			buildSettings = {
				ASSETCATALOG_COMPILER_APPICON_NAME = AppIcon;
				ASSETCATALOG_COMPILER_GLOBAL_ACCENT_COLOR_NAME = AccentColor;
				CODE_SIGN_STYLE = Automatic;
				CURRENT_PROJECT_VERSION = 1;
				DEVELOPMENT_TEAM = WUJ5ZM42NZ;
				GENERATE_INFOPLIST_FILE = YES;
				INFOPLIST_FILE = project/Resources/Info.plist;
				INFOPLIST_KEY_UIApplicationSupportsIndirectInputEvents = YES;
				INFOPLIST_KEY_UILaunchStoryboardName = LaunchScreen;
				INFOPLIST_KEY_UIMainStoryboardFile = Main;
				INFOPLIST_KEY_UISupportedInterfaceOrientations = UIInterfaceOrientationPortrait;
				LD_RUNPATH_SEARCH_PATHS = (
					"$(inherited)",
					"@executable_path/Frameworks",
				);
				MARKETING_VERSION = 1.0;
				PRODUCT_BUNDLE_IDENTIFIER = com.alshdjv.project;
				PRODUCT_NAME = "$(TARGET_NAME)";
				SWIFT_EMIT_LOC_STRINGS = YES;
				SWIFT_VERSION = 5.0;
				TARGETED_DEVICE_FAMILY = "1,2";
			};
			name = Debug;
		};
		6364F05B29685D3B00691690 /* Release */ = {
			isa = XCBuildConfiguration;
			buildSettings = {
				ASSETCATALOG_COMPILER_APPICON_NAME = AppIcon;
				ASSETCATALOG_COMPILER_GLOBAL_ACCENT_COLOR_NAME = AccentColor;
				CODE_SIGN_STYLE = Automatic;
				CURRENT_PROJECT_VERSION = 1;
				DEVELOPMENT_TEAM = WUJ5ZM42NZ;
				GENERATE_INFOPLIST_FILE = YES;
				INFOPLIST_FILE = project/Resources/Info.plist;
				INFOPLIST_KEY_UIApplicationSupportsIndirectInputEvents = YES;
				INFOPLIST_KEY_UILaunchStoryboardName = LaunchScreen;
				INFOPLIST_KEY_UIMainStoryboardFile = Main;
				INFOPLIST_KEY_UISupportedInterfaceOrientations = UIInterfaceOrientationPortrait;
				LD_RUNPATH_SEARCH_PATHS = (
					"$(inherited)",
					"@executable_path/Frameworks",
				);
				MARKETING_VERSION = 1.0;
				PRODUCT_BUNDLE_IDENTIFIER = com.alshdjv.project;
				PRODUCT_NAME = "$(TARGET_NAME)";
				SWIFT_EMIT_LOC_STRINGS = YES;
				SWIFT_VERSION = 5.0;
				TARGETED_DEVICE_FAMILY = "1,2";
			};
			name = Release;
		};
/* End XCBuildConfiguration section */

/* Begin XCConfigurationList section */
		6364F04029685D3900691690 /* Build configuration list for PBXProject "project" */ = {
			isa = XCConfigurationList;
			buildConfigurations = (
				6364F05729685D3B00691690 /* Debug */,
				6364F05829685D3B00691690 /* Release */,
			);
			defaultConfigurationIsVisible = 0;
			defaultConfigurationName = Release;
		};
		6364F05929685D3B00691690 /* Build configuration list for PBXNativeTarget "project" */ = {
			isa = XCConfigurationList;
			buildConfigurations = (
				6364F05A29685D3B00691690 /* Debug */,
				6364F05B29685D3B00691690 /* Release */,
			);
			defaultConfigurationIsVisible = 0;
			defaultConfigurationName = Release;
		};
/* End XCConfigurationList section */

/* Begin XCRemoteSwiftPackageReference section */
		6364F05C29685DE700691690 /* XCRemoteSwiftPackageReference "SnapKit" */ = {
			isa = XCRemoteSwiftPackageReference;
			repositoryURL = "https://github.com/SnapKit/SnapKit.git";
			requirement = {
				branch = develop;
				kind = branch;
			};
		};
/* End XCRemoteSwiftPackageReference section */

/* Begin XCSwiftPackageProductDependency section */
		6364F05D29685DE700691690 /* SnapKit */ = {
			isa = XCSwiftPackageProductDependency;
			package = 6364F05C29685DE700691690 /* XCRemoteSwiftPackageReference "SnapKit" */;
			productName = SnapKit;
		};
/* End XCSwiftPackageProductDependency section */
	};
	rootObject = 6364F03D29685D3900691690 /* Project object */;
}
